// !$*UTF8*$!
{
	archiveVersion = 1;
	classes = {
	};
	objectVersion = 50;
	objects = {

/* Begin PBXBuildFile section */
		D0029676226B299E00B2CD6C /* AppDelegate.swift in Sources */ = {isa = PBXBuildFile; fileRef = D0029675226B299E00B2CD6C /* AppDelegate.swift */; };
		D002967B226B299E00B2CD6C /* Main.storyboard in Resources */ = {isa = PBXBuildFile; fileRef = D0029679226B299E00B2CD6C /* Main.storyboard */; };
		D002967D226B299F00B2CD6C /* Assets.xcassets in Resources */ = {isa = PBXBuildFile; fileRef = D002967C226B299F00B2CD6C /* Assets.xcassets */; };
		D0029680226B299F00B2CD6C /* LaunchScreen.storyboard in Resources */ = {isa = PBXBuildFile; fileRef = D002967E226B299F00B2CD6C /* LaunchScreen.storyboard */; };
		D0029689226B29C000B2CD6C /* GameOfSet.swift in Sources */ = {isa = PBXBuildFile; fileRef = D0029688226B29C000B2CD6C /* GameOfSet.swift */; };
		D002968B226B2AEA00B2CD6C /* GameOfSetCard.swift in Sources */ = {isa = PBXBuildFile; fileRef = D002968A226B2AEA00B2CD6C /* GameOfSetCard.swift */; };
		D002968D226B2CB900B2CD6C /* GameOfSetCardDeck.swift in Sources */ = {isa = PBXBuildFile; fileRef = D002968C226B2CB900B2CD6C /* GameOfSetCardDeck.swift */; };
		D0907E3E226BD6470018DF7A /* ViewController.swift in Sources */ = {isa = PBXBuildFile; fileRef = D0907E3D226BD6470018DF7A /* ViewController.swift */; };
		D09A88C0226B778300ACBB4C /* CardButton.swift in Sources */ = {isa = PBXBuildFile; fileRef = D09A88BF226B778300ACBB4C /* CardButton.swift */; };
		D0FF5937228705DE00498821 /* Extensions.swift in Sources */ = {isa = PBXBuildFile; fileRef = D0FF5936228705DE00498821 /* Extensions.swift */; };
/* End PBXBuildFile section */

/* Begin PBXFileReference section */
		D0029672226B299E00B2CD6C /* Assignment 2.app */ = {isa = PBXFileReference; explicitFileType = wrapper.application; includeInIndex = 0; path = "Assignment 2.app"; sourceTree = BUILT_PRODUCTS_DIR; };
		D0029675226B299E00B2CD6C /* AppDelegate.swift */ = {isa = PBXFileReference; lastKnownFileType = sourcecode.swift; path = AppDelegate.swift; sourceTree = "<group>"; };
		D002967A226B299E00B2CD6C /* Base */ = {isa = PBXFileReference; lastKnownFileType = file.storyboard; name = Base; path = Base.lproj/Main.storyboard; sourceTree = "<group>"; };
		D002967C226B299F00B2CD6C /* Assets.xcassets */ = {isa = PBXFileReference; lastKnownFileType = folder.assetcatalog; path = Assets.xcassets; sourceTree = "<group>"; };
		D002967F226B299F00B2CD6C /* Base */ = {isa = PBXFileReference; lastKnownFileType = file.storyboard; name = Base; path = Base.lproj/LaunchScreen.storyboard; sourceTree = "<group>"; };
		D0029681226B299F00B2CD6C /* Info.plist */ = {isa = PBXFileReference; lastKnownFileType = text.plist.xml; path = Info.plist; sourceTree = "<group>"; };
		D0029688226B29C000B2CD6C /* GameOfSet.swift */ = {isa = PBXFileReference; lastKnownFileType = sourcecode.swift; path = GameOfSet.swift; sourceTree = "<group>"; };
		D002968A226B2AEA00B2CD6C /* GameOfSetCard.swift */ = {isa = PBXFileReference; lastKnownFileType = sourcecode.swift; path = GameOfSetCard.swift; sourceTree = "<group>"; };
		D002968C226B2CB900B2CD6C /* GameOfSetCardDeck.swift */ = {isa = PBXFileReference; lastKnownFileType = sourcecode.swift; path = GameOfSetCardDeck.swift; sourceTree = "<group>"; };
		D0907E3D226BD6470018DF7A /* ViewController.swift */ = {isa = PBXFileReference; lastKnownFileType = sourcecode.swift; path = ViewController.swift; sourceTree = "<group>"; };
		D09A88BF226B778300ACBB4C /* CardButton.swift */ = {isa = PBXFileReference; lastKnownFileType = sourcecode.swift; path = CardButton.swift; sourceTree = "<group>"; };
		D0FF5936228705DE00498821 /* Extensions.swift */ = {isa = PBXFileReference; lastKnownFileType = sourcecode.swift; path = Extensions.swift; sourceTree = "<group>"; };
/* End PBXFileReference section */

/* Begin PBXFrameworksBuildPhase section */
		D002966F226B299E00B2CD6C /* Frameworks */ = {
			isa = PBXFrameworksBuildPhase;
			buildActionMask = 2147483647;
			files = (
			);
			runOnlyForDeploymentPostprocessing = 0;
		};
/* End PBXFrameworksBuildPhase section */

/* Begin PBXGroup section */
		D0029669226B299E00B2CD6C = {
			isa = PBXGroup;
			children = (
				D0029674226B299E00B2CD6C /* Assignment 2 */,
				D0029673226B299E00B2CD6C /* Products */,
			);
			sourceTree = "<group>";
		};
		D0029673226B299E00B2CD6C /* Products */ = {
			isa = PBXGroup;
			children = (
				D0029672226B299E00B2CD6C /* Assignment 2.app */,
			);
			name = Products;
			sourceTree = "<group>";
		};
		D0029674226B299E00B2CD6C /* Assignment 2 */ = {
			isa = PBXGroup;
			children = (
				D002968A226B2AEA00B2CD6C /* GameOfSetCard.swift */,
				D002968C226B2CB900B2CD6C /* GameOfSetCardDeck.swift */,
				D0029688226B29C000B2CD6C /* GameOfSet.swift */,
				D0907E3D226BD6470018DF7A /* ViewController.swift */,
				D09A88BF226B778300ACBB4C /* CardButton.swift */,
				D0FF5936228705DE00498821 /* Extensions.swift */,
				D0029679226B299E00B2CD6C /* Main.storyboard */,
				D0029687226B29AA00B2CD6C /* Supporting Files */,
				D0029681226B299F00B2CD6C /* Info.plist */,
			);
			path = "Assignment 2";
			sourceTree = "<group>";
		};
		D0029687226B29AA00B2CD6C /* Supporting Files */ = {
			isa = PBXGroup;
			children = (
				D0029675226B299E00B2CD6C /* AppDelegate.swift */,
				D002967C226B299F00B2CD6C /* Assets.xcassets */,
				D002967E226B299F00B2CD6C /* LaunchScreen.storyboard */,
			);
			path = "Supporting Files";
			sourceTree = "<group>";
		};
/* End PBXGroup section */

/* Begin PBXNativeTarget section */
		D0029671226B299E00B2CD6C /* Assignment 2 */ = {
			isa = PBXNativeTarget;
			buildConfigurationList = D0029684226B299F00B2CD6C /* Build configuration list for PBXNativeTarget "Assignment 2" */;
			buildPhases = (
				D002966E226B299E00B2CD6C /* Sources */,
				D002966F226B299E00B2CD6C /* Frameworks */,
				D0029670226B299E00B2CD6C /* Resources */,
			);
			buildRules = (
			);
			dependencies = (
			);
			name = "Assignment 2";
			productName = "Assignment 2";
			productReference = D0029672226B299E00B2CD6C /* Assignment 2.app */;
			productType = "com.apple.product-type.application";
		};
/* End PBXNativeTarget section */

/* Begin PBXProject section */
		D002966A226B299E00B2CD6C /* Project object */ = {
			isa = PBXProject;
			attributes = {
				LastSwiftUpdateCheck = 1020;
				LastUpgradeCheck = 1020;
				ORGANIZATIONNAME = "Mert Arıcan";
				TargetAttributes = {
					D0029671226B299E00B2CD6C = {
						CreatedOnToolsVersion = 10.2.1;
					};
				};
			};
			buildConfigurationList = D002966D226B299E00B2CD6C /* Build configuration list for PBXProject "Assignment 2" */;
			compatibilityVersion = "Xcode 9.3";
			developmentRegion = en;
			hasScannedForEncodings = 0;
			knownRegions = (
				en,
				Base,
			);
			mainGroup = D0029669226B299E00B2CD6C;
			productRefGroup = D0029673226B299E00B2CD6C /* Products */;
			projectDirPath = "";
			projectRoot = "";
			targets = (
				D0029671226B299E00B2CD6C /* Assignment 2 */,
			);
		};
/* End PBXProject section */

/* Begin PBXResourcesBuildPhase section */
		D0029670226B299E00B2CD6C /* Resources */ = {
			isa = PBXResourcesBuildPhase;
			buildActionMask = 2147483647;
			files = (
				D0029680226B299F00B2CD6C /* LaunchScreen.storyboard in Resources */,
				D002967D226B299F00B2CD6C /* Assets.xcassets in Resources */,
				D002967B226B299E00B2CD6C /* Main.storyboard in Resources */,
			);
			runOnlyForDeploymentPostprocessing = 0;
		};
/* End PBXResourcesBuildPhase section */

/* Begin PBXSourcesBuildPhase section */
		D002966E226B299E00B2CD6C /* Sources */ = {
			isa = PBXSourcesBuildPhase;
			buildActionMask = 2147483647;
			files = (
				D0907E3E226BD6470018DF7A /* ViewController.swift in Sources */,
				D09A88C0226B778300ACBB4C /* CardButton.swift in Sources */,
				D0029676226B299E00B2CD6C /* AppDelegate.swift in Sources */,
				D0029689226B29C000B2CD6C /* GameOfSet.swift in Sources */,
				D002968D226B2CB900B2CD6C /* GameOfSetCardDeck.swift in Sources */,
				D002968B226B2AEA00B2CD6C /* GameOfSetCard.swift in Sources */,
				D0FF5937228705DE00498821 /* Extensions.swift in Sources */,
			);
			runOnlyForDeploymentPostprocessing = 0;
		};
/* End PBXSourcesBuildPhase section */

/* Begin PBXVariantGroup section */
		D0029679226B299E00B2CD6C /* Main.storyboard */ = {
			isa = PBXVariantGroup;
			children = (
				D002967A226B299E00B2CD6C /* Base */,
			);
			name = Main.storyboard;
			sourceTree = "<group>";
		};
		D002967E226B299F00B2CD6C /* LaunchScreen.storyboard */ = {
			isa = PBXVariantGroup;
			children = (
				D002967F226B299F00B2CD6C /* Base */,
			);
			name = LaunchScreen.storyboard;
			sourceTree = "<group>";
		};
/* End PBXVariantGroup section */

/* Begin XCBuildConfiguration section */
		D0029682226B299F00B2CD6C /* Debug */ = {
			isa = XCBuildConfiguration;
			buildSettings = {
				ALWAYS_SEARCH_USER_PATHS = NO;
				CLANG_ANALYZER_NONNULL = YES;
				CLANG_ANALYZER_NUMBER_OBJECT_CONVERSION = YES_AGGRESSIVE;
				CLANG_CXX_LANGUAGE_STANDARD = "gnu++14";
				CLANG_CXX_LIBRARY = "libc++";
				CLANG_ENABLE_MODULES = YES;
				CLANG_ENABLE_OBJC_ARC = YES;
				CLANG_ENABLE_OBJC_WEAK = YES;
				CLANG_WARN_BLOCK_CAPTURE_AUTORELEASING = YES;
				CLANG_WARN_BOOL_CONVERSION = YES;
				CLANG_WARN_COMMA = YES;
				CLANG_WARN_CONSTANT_CONVERSION = YES;
				CLANG_WARN_DEPRECATED_OBJC_IMPLEMENTATIONS = YES;
				CLANG_WARN_DIRECT_OBJC_ISA_USAGE = YES_ERROR;
				CLANG_WARN_DOCUMENTATION_COMMENTS = YES;
				CLANG_WARN_EMPTY_BODY = YES;
				CLANG_WARN_ENUM_CONVERSION = YES;
				CLANG_WARN_INFINITE_RECURSION = YES;
				CLANG_WARN_INT_CONVERSION = YES;
				CLANG_WARN_NON_LITERAL_NULL_CONVERSION = YES;
				CLANG_WARN_OBJC_IMPLICIT_RETAIN_SELF = YES;
				CLANG_WARN_OBJC_LITERAL_CONVERSION = YES;
				CLANG_WARN_OBJC_ROOT_CLASS = YES_ERROR;
				CLANG_WARN_RANGE_LOOP_ANALYSIS = YES;
				CLANG_WARN_STRICT_PROTOTYPES = YES;
				CLANG_WARN_SUSPICIOUS_MOVE = YES;
				CLANG_WARN_UNGUARDED_AVAILABILITY = YES_AGGRESSIVE;
				CLANG_WARN_UNREACHABLE_CODE = YES;
				CLANG_WARN__DUPLICATE_METHOD_MATCH = YES;
				CODE_SIGN_IDENTITY = "iPhone Developer";
				COPY_PHASE_STRIP = NO;
				DEBUG_INFORMATION_FORMAT = dwarf;
				ENABLE_STRICT_OBJC_MSGSEND = YES;
				ENABLE_TESTABILITY = YES;
				GCC_C_LANGUAGE_STANDARD = gnu11;
				GCC_DYNAMIC_NO_PIC = NO;
				GCC_NO_COMMON_BLOCKS = YES;
				GCC_OPTIMIZATION_LEVEL = 0;
				GCC_PREPROCESSOR_DEFINITIONS = (
					"DEBUG=1",
					"$(inherited)",
				);
				GCC_WARN_64_TO_32_BIT_CONVERSION = YES;
				GCC_WARN_ABOUT_RETURN_TYPE = YES_ERROR;
				GCC_WARN_UNDECLARED_SELECTOR = YES;
				GCC_WARN_UNINITIALIZED_AUTOS = YES_AGGRESSIVE;
				GCC_WARN_UNUSED_FUNCTION = YES;
				GCC_WARN_UNUSED_VARIABLE = YES;
				IPHONEOS_DEPLOYMENT_TARGET = 12.2;
				MTL_ENABLE_DEBUG_INFO = INCLUDE_SOURCE;
				MTL_FAST_MATH = YES;
				ONLY_ACTIVE_ARCH = YES;
				SDKROOT = iphoneos;
				SWIFT_ACTIVE_COMPILATION_CONDITIONS = DEBUG;
				SWIFT_OPTIMIZATION_LEVEL = "-Onone";
			};
			name = Debug;
		};
		D0029683226B299F00B2CD6C /* Release */ = {
			isa = XCBuildConfiguration;
			buildSettings = {
				ALWAYS_SEARCH_USER_PATHS = NO;
				CLANG_ANALYZER_NONNULL = YES;
				CLANG_ANALYZER_NUMBER_OBJECT_CONVERSION = YES_AGGRESSIVE;
				CLANG_CXX_LANGUAGE_STANDARD = "gnu++14";
				CLANG_CXX_LIBRARY = "libc++";
				CLANG_ENABLE_MODULES = YES;
				CLANG_ENABLE_OBJC_ARC = YES;
				CLANG_ENABLE_OBJC_WEAK = YES;
				CLANG_WARN_BLOCK_CAPTURE_AUTORELEASING = YES;
				CLANG_WARN_BOOL_CONVERSION = YES;
				CLANG_WARN_COMMA = YES;
				CLANG_WARN_CONSTANT_CONVERSION = YES;
				CLANG_WARN_DEPRECATED_OBJC_IMPLEMENTATIONS = YES;
				CLANG_WARN_DIRECT_OBJC_ISA_USAGE = YES_ERROR;
				CLANG_WARN_DOCUMENTATION_COMMENTS = YES;
				CLANG_WARN_EMPTY_BODY = YES;
				CLANG_WARN_ENUM_CONVERSION = YES;
				CLANG_WARN_INFINITE_RECURSION = YES;
				CLANG_WARN_INT_CONVERSION = YES;
				CLANG_WARN_NON_LITERAL_NULL_CONVERSION = YES;
				CLANG_WARN_OBJC_IMPLICIT_RETAIN_SELF = YES;
				CLANG_WARN_OBJC_LITERAL_CONVERSION = YES;
				CLANG_WARN_OBJC_ROOT_CLASS = YES_ERROR;
				CLANG_WARN_RANGE_LOOP_ANALYSIS = YES;
				CLANG_WARN_STRICT_PROTOTYPES = YES;
				CLANG_WARN_SUSPICIOUS_MOVE = YES;
				CLANG_WARN_UNGUARDED_AVAILABILITY = YES_AGGRESSIVE;
				CLANG_WARN_UNREACHABLE_CODE = YES;
				CLANG_WARN__DUPLICATE_METHOD_MATCH = YES;
				CODE_SIGN_IDENTITY = "iPhone Developer";
				COPY_PHASE_STRIP = NO;
				DEBUG_INFORMATION_FORMAT = "dwarf-with-dsym";
				ENABLE_NS_ASSERTIONS = NO;
				ENABLE_STRICT_OBJC_MSGSEND = YES;
				GCC_C_LANGUAGE_STANDARD = gnu11;
				GCC_NO_COMMON_BLOCKS = YES;
				GCC_WARN_64_TO_32_BIT_CONVERSION = YES;
				GCC_WARN_ABOUT_RETURN_TYPE = YES_ERROR;
				GCC_WARN_UNDECLARED_SELECTOR = YES;
				GCC_WARN_UNINITIALIZED_AUTOS = YES_AGGRESSIVE;
				GCC_WARN_UNUSED_FUNCTION = YES;
				GCC_WARN_UNUSED_VARIABLE = YES;
				IPHONEOS_DEPLOYMENT_TARGET = 12.2;
				MTL_ENABLE_DEBUG_INFO = NO;
				MTL_FAST_MATH = YES;
				SDKROOT = iphoneos;
				SWIFT_COMPILATION_MODE = wholemodule;
				SWIFT_OPTIMIZATION_LEVEL = "-O";
				VALIDATE_PRODUCT = YES;
			};
			name = Release;
		};
		D0029685226B299F00B2CD6C /* Debug */ = {
			isa = XCBuildConfiguration;
			buildSettings = {
				ASSETCATALOG_COMPILER_APPICON_NAME = AppIcon;
				CODE_SIGN_STYLE = Automatic;
				DEVELOPMENT_TEAM = VD38UV2MEF;
				INFOPLIST_FILE = "Assignment 2/Info.plist";
				IPHONEOS_DEPLOYMENT_TARGET = 11.2;
				LD_RUNPATH_SEARCH_PATHS = (
					"$(inherited)",
					"@executable_path/Frameworks",
				);
				PRODUCT_BUNDLE_IDENTIFIER = "com.example.mertarican.Assignment-2";
				PRODUCT_NAME = "$(TARGET_NAME)";
				SWIFT_VERSION = 5.0;
				TARGETED_DEVICE_FAMILY = "1,2";
			};
			name = Debug;
		};
		D0029686226B299F00B2CD6C /* Release */ = {
			isa = XCBuildConfiguration;
			buildSettings = {
				ASSETCATALOG_COMPILER_APPICON_NAME = AppIcon;
				CODE_SIGN_STYLE = Automatic;
				DEVELOPMENT_TEAM = VD38UV2MEF;
				INFOPLIST_FILE = "Assignment 2/Info.plist";
				IPHONEOS_DEPLOYMENT_TARGET = 11.2;
				LD_RUNPATH_SEARCH_PATHS = (
					"$(inherited)",
					"@executable_path/Frameworks",
				);
				PRODUCT_BUNDLE_IDENTIFIER = "com.example.mertarican.Assignment-2";
				PRODUCT_NAME = "$(TARGET_NAME)";
				SWIFT_VERSION = 5.0;
				TARGETED_DEVICE_FAMILY = "1,2";
			};
			name = Release;
		};
/* End XCBuildConfiguration section */

/* Begin XCConfigurationList section */
		D002966D226B299E00B2CD6C /* Build configuration list for PBXProject "Assignment 2" */ = {
			isa = XCConfigurationList;
			buildConfigurations = (
				D0029682226B299F00B2CD6C /* Debug */,
				D0029683226B299F00B2CD6C /* Release */,
			);
			defaultConfigurationIsVisible = 0;
			defaultConfigurationName = Release;
		};
		D0029684226B299F00B2CD6C /* Build configuration list for PBXNativeTarget "Assignment 2" */ = {
			isa = XCConfigurationList;
			buildConfigurations = (
				D0029685226B299F00B2CD6C /* Debug */,
				D0029686226B299F00B2CD6C /* Release */,
			);
			defaultConfigurationIsVisible = 0;
			defaultConfigurationName = Release;
		};
/* End XCConfigurationList section */
	};
	rootObject = D002966A226B299E00B2CD6C /* Project object */;
}
